
Microsoft Visual Studio Solution File, Format Version 12.00
# Visual Studio 15
VisualStudioVersion = 15.0.27130.2003
MinimumVisualStudioVersion = 10.0.40219.1
Project("{FAE04EC0-301F-11D3-BF4B-00C04F79EFBC}") = "SEGI", "SEGI\SEGI.csproj", "{F966114B-18F3-46B4-8656-1A112519F577}"
EndProject
Project("{FAE04EC0-301F-11D3-BF4B-00C04F79EFBC}") = "SEGI.Tests", "SEGI.Tests\SEGI.Tests.csproj", "{32A57FE4-D839-47B5-B487-0505900A1067}"
EndProject
Global
	GlobalSection(SolutionConfigurationPlatforms) = preSolution
		Debug|Any CPU = Debug|Any CPU
		Release|Any CPU = Release|Any CPU
	EndGlobalSection
	GlobalSection(ProjectConfigurationPlatforms) = postSolution
		{F966114B-18F3-46B4-8656-1A112519F577}.Debug|Any CPU.ActiveCfg = Debug|Any CPU
		{F966114B-18F3-46B4-8656-1A112519F577}.Debug|Any CPU.Build.0 = Debug|Any CPU
		{F966114B-18F3-46B4-8656-1A112519F577}.Release|Any CPU.ActiveCfg = Release|Any CPU
		{F966114B-18F3-46B4-8656-1A112519F577}.Release|Any CPU.Build.0 = Release|Any CPU
		{32A57FE4-D839-47B5-B487-0505900A1067}.Debug|Any CPU.ActiveCfg = Debug|Any CPU
		{32A57FE4-D839-47B5-B487-0505900A1067}.Debug|Any CPU.Build.0 = Debug|Any CPU
		{32A57FE4-D839-47B5-B487-0505900A1067}.Release|Any CPU.ActiveCfg = Release|Any CPU
		{32A57FE4-D839-47B5-B487-0505900A1067}.Release|Any CPU.Build.0 = Release|Any CPU
	EndGlobalSection
	GlobalSection(SolutionProperties) = preSolution
		HideSolutionNode = FALSE
	EndGlobalSection
	GlobalSection(ExtensibilityGlobals) = postSolution
		SolutionGuid = {8E2F4698-FAAF-44E4-A35B-3C17E6AEF2F4}
	EndGlobalSection
EndGlobal
